
Microsoft Visual Studio Solution File, Format Version 12.00
# Visual Studio Version 17
VisualStudioVersion = 17.8.34322.80
MinimumVisualStudioVersion = 10.0.40219.1
Project("{9A19103F-16F7-4668-BE54-9A1E7A4F7556}") = "Domain", "Domain\Domain.csproj", "{894400CC-F0B8-479A-842D-6D10A5A25B84}"
EndProject
Project("{9A19103F-16F7-4668-BE54-9A1E7A4F7556}") = "Application", "Application\Application.csproj", "{AB0EA12C-797F-4D73-8B86-ABF7B2028594}"
EndProject
Project("{9A19103F-16F7-4668-BE54-9A1E7A4F7556}") = "API", "API\API.csproj", "{AC6A3A70-45C3-455B-AB3A-B24BD9A919DC}"
EndProject
Project("{9A19103F-16F7-4668-BE54-9A1E7A4F7556}") = "Infrastructure", "Infrastructure\Infrastructure.csproj", "{665CE301-F18E-4570-BF4C-85AA1AA983E1}"
EndProject
Project("{9A19103F-16F7-4668-BE54-9A1E7A4F7556}") = "Shared", "Shared\Shared.csproj", "{A71DB8C4-F939-41FB-8A26-F3F0E4F533FE}"
EndProject
Project("{2150E333-8FDC-42A3-9474-1A3956D46DE8}") = "src", "src", "{08961A78-5E01-46E1-AEEF-02799A33881C}"
EndProject
Project("{2150E333-8FDC-42A3-9474-1A3956D46DE8}") = "External", "External", "{E23B2AC0-27D7-4EC7-B397-9CA81D29B7EC}"
EndProject
Project("{9A19103F-16F7-4668-BE54-9A1E7A4F7556}") = "Application.Tests", "Application.Tests\Application.Tests.csproj", "{6BF07BB5-8ED6-444A-9472-A97C6C5E8CF6}"
EndProject
Project("{2150E333-8FDC-42A3-9474-1A3956D46DE8}") = "Solution Items", "Solution Items", "{027CAE37-B978-4912-B1C3-92084F8A54ED}"
	ProjectSection(SolutionItems) = preProject
		query.sql = query.sql
	EndProjectSection
EndProject
Global
	GlobalSection(SolutionConfigurationPlatforms) = preSolution
		Debug|Any CPU = Debug|Any CPU
		Release|Any CPU = Release|Any CPU
		Somee|Any CPU = Somee|Any CPU
	EndGlobalSection
	GlobalSection(ProjectConfigurationPlatforms) = postSolution
		{894400CC-F0B8-479A-842D-6D10A5A25B84}.Debug|Any CPU.ActiveCfg = Debug|Any CPU
		{894400CC-F0B8-479A-842D-6D10A5A25B84}.Debug|Any CPU.Build.0 = Debug|Any CPU
		{894400CC-F0B8-479A-842D-6D10A5A25B84}.Release|Any CPU.ActiveCfg = Release|Any CPU
		{894400CC-F0B8-479A-842D-6D10A5A25B84}.Release|Any CPU.Build.0 = Release|Any CPU
		{894400CC-F0B8-479A-842D-6D10A5A25B84}.Somee|Any CPU.ActiveCfg = Somee|Any CPU
		{894400CC-F0B8-479A-842D-6D10A5A25B84}.Somee|Any CPU.Build.0 = Somee|Any CPU
		{AB0EA12C-797F-4D73-8B86-ABF7B2028594}.Debug|Any CPU.ActiveCfg = Debug|Any CPU
		{AB0EA12C-797F-4D73-8B86-ABF7B2028594}.Debug|Any CPU.Build.0 = Debug|Any CPU
		{AB0EA12C-797F-4D73-8B86-ABF7B2028594}.Release|Any CPU.ActiveCfg = Release|Any CPU
		{AB0EA12C-797F-4D73-8B86-ABF7B2028594}.Release|Any CPU.Build.0 = Release|Any CPU
		{AB0EA12C-797F-4D73-8B86-ABF7B2028594}.Somee|Any CPU.ActiveCfg = Somee|Any CPU
		{AB0EA12C-797F-4D73-8B86-ABF7B2028594}.Somee|Any CPU.Build.0 = Somee|Any CPU
		{AC6A3A70-45C3-455B-AB3A-B24BD9A919DC}.Debug|Any CPU.ActiveCfg = Debug|Any CPU
		{AC6A3A70-45C3-455B-AB3A-B24BD9A919DC}.Debug|Any CPU.Build.0 = Debug|Any CPU
		{AC6A3A70-45C3-455B-AB3A-B24BD9A919DC}.Release|Any CPU.ActiveCfg = Release|Any CPU
		{AC6A3A70-45C3-455B-AB3A-B24BD9A919DC}.Release|Any CPU.Build.0 = Release|Any CPU
		{AC6A3A70-45C3-455B-AB3A-B24BD9A919DC}.Somee|Any CPU.ActiveCfg = Somee|Any CPU
		{AC6A3A70-45C3-455B-AB3A-B24BD9A919DC}.Somee|Any CPU.Build.0 = Somee|Any CPU
		{665CE301-F18E-4570-BF4C-85AA1AA983E1}.Debug|Any CPU.ActiveCfg = Debug|Any CPU
		{665CE301-F18E-4570-BF4C-85AA1AA983E1}.Debug|Any CPU.Build.0 = Debug|Any CPU
		{665CE301-F18E-4570-BF4C-85AA1AA983E1}.Release|Any CPU.ActiveCfg = Release|Any CPU
		{665CE301-F18E-4570-BF4C-85AA1AA983E1}.Release|Any CPU.Build.0 = Release|Any CPU
		{665CE301-F18E-4570-BF4C-85AA1AA983E1}.Somee|Any CPU.ActiveCfg = Somee|Any CPU
		{665CE301-F18E-4570-BF4C-85AA1AA983E1}.Somee|Any CPU.Build.0 = Somee|Any CPU
		{A71DB8C4-F939-41FB-8A26-F3F0E4F533FE}.Debug|Any CPU.ActiveCfg = Debug|Any CPU
		{A71DB8C4-F939-41FB-8A26-F3F0E4F533FE}.Debug|Any CPU.Build.0 = Debug|Any CPU
		{A71DB8C4-F939-41FB-8A26-F3F0E4F533FE}.Release|Any CPU.ActiveCfg = Release|Any CPU
		{A71DB8C4-F939-41FB-8A26-F3F0E4F533FE}.Release|Any CPU.Build.0 = Release|Any CPU
		{A71DB8C4-F939-41FB-8A26-F3F0E4F533FE}.Somee|Any CPU.ActiveCfg = Somee|Any CPU
		{A71DB8C4-F939-41FB-8A26-F3F0E4F533FE}.Somee|Any CPU.Build.0 = Somee|Any CPU
		{6BF07BB5-8ED6-444A-9472-A97C6C5E8CF6}.Debug|Any CPU.ActiveCfg = Debug|Any CPU
		{6BF07BB5-8ED6-444A-9472-A97C6C5E8CF6}.Debug|Any CPU.Build.0 = Debug|Any CPU
		{6BF07BB5-8ED6-444A-9472-A97C6C5E8CF6}.Release|Any CPU.ActiveCfg = Release|Any CPU
		{6BF07BB5-8ED6-444A-9472-A97C6C5E8CF6}.Release|Any CPU.Build.0 = Release|Any CPU
		{6BF07BB5-8ED6-444A-9472-A97C6C5E8CF6}.Somee|Any CPU.ActiveCfg = Debug|Any CPU
		{6BF07BB5-8ED6-444A-9472-A97C6C5E8CF6}.Somee|Any CPU.Build.0 = Debug|Any CPU
	EndGlobalSection
	GlobalSection(SolutionProperties) = preSolution
		HideSolutionNode = FALSE
	EndGlobalSection
	GlobalSection(NestedProjects) = preSolution
		{894400CC-F0B8-479A-842D-6D10A5A25B84} = {08961A78-5E01-46E1-AEEF-02799A33881C}
		{AB0EA12C-797F-4D73-8B86-ABF7B2028594} = {08961A78-5E01-46E1-AEEF-02799A33881C}
		{AC6A3A70-45C3-455B-AB3A-B24BD9A919DC} = {E23B2AC0-27D7-4EC7-B397-9CA81D29B7EC}
		{665CE301-F18E-4570-BF4C-85AA1AA983E1} = {E23B2AC0-27D7-4EC7-B397-9CA81D29B7EC}
		{6BF07BB5-8ED6-444A-9472-A97C6C5E8CF6} = {08961A78-5E01-46E1-AEEF-02799A33881C}
	EndGlobalSection
	GlobalSection(ExtensibilityGlobals) = postSolution
		SolutionGuid = {D7A7062B-7696-40C0-8907-D19E7636A34B}
	EndGlobalSection
EndGlobal
